
Microsoft Visual Studio Solution File, Format Version 12.00
# Visual Studio Version 17
VisualStudioVersion = 17.11.35222.181
MinimumVisualStudioVersion = 10.0.40219.1
Project("{9A19103F-16F7-4668-BE54-9A1E7A4F7556}") = "GroqAiChatbot", "GroqAiChatbot\GroqAiChatbot.csproj", "{ED358F36-293D-43B3-B4E1-0AE31717136A}"
EndProject
Project("{2150E333-8FDC-42A3-9474-1A3956D46DE8}") = "ignore", "ignore", "{B335BB4A-DF82-4370-ADE9-09D72823488E}"
	ProjectSection(SolutionItems) = preProject
		.gitignore = .gitignore
	EndProjectSection
EndProject
Global
	GlobalSection(SolutionConfigurationPlatforms) = preSolution
		Debug|Any CPU = Debug|Any CPU
		Release|Any CPU = Release|Any CPU
	EndGlobalSection
	GlobalSection(ProjectConfigurationPlatforms) = postSolution
		{ED358F36-293D-43B3-B4E1-0AE31717136A}.Debug|Any CPU.ActiveCfg = Debug|Any CPU
		{ED358F36-293D-43B3-B4E1-0AE31717136A}.Debug|Any CPU.Build.0 = Debug|Any CPU
		{ED358F36-293D-43B3-B4E1-0AE31717136A}.Release|Any CPU.ActiveCfg = Release|Any CPU
		{ED358F36-293D-43B3-B4E1-0AE31717136A}.Release|Any CPU.Build.0 = Release|Any CPU
	EndGlobalSection
	GlobalSection(SolutionProperties) = preSolution
		HideSolutionNode = FALSE
	EndGlobalSection
	GlobalSection(ExtensibilityGlobals) = postSolution
		SolutionGuid = {C8B610CB-5A3E-4576-B89C-CDACDB40E61C}
	EndGlobalSection
EndGlobal
